
Microsoft Visual Studio Solution File, Format Version 12.00
# Visual Studio 14
VisualStudioVersion = 14.0.25420.1
MinimumVisualStudioVersion = 10.0.40219.1
Project("{FAE04EC0-301F-11D3-BF4B-00C04F79EFBC}") = "Datos", "Datos\Datos.csproj", "{C342AAD5-93F6-45E0-A524-06276EFBAACB}"
EndProject
Project("{FAE04EC0-301F-11D3-BF4B-00C04F79EFBC}") = "Entidades", "Entidades\Entidades.csproj", "{4A364181-A7E4-4F02-8B29-1CFC3E26FF11}"
EndProject
Project("{FAE04EC0-301F-11D3-BF4B-00C04F79EFBC}") = "WebApp", "WebApp\WebApp.csproj", "{BAD9FFE1-9130-4FA2-9B20-7DCC3BF38C55}"
EndProject
Project("{FAE04EC0-301F-11D3-BF4B-00C04F79EFBC}") = "Service", "Service\Service.csproj", "{87376565-E7FD-4C23-AA1D-4A4C4A39CD46}"
EndProject
Global
	GlobalSection(SolutionConfigurationPlatforms) = preSolution
		Debug|Any CPU = Debug|Any CPU
		Release|Any CPU = Release|Any CPU
	EndGlobalSection
	GlobalSection(ProjectConfigurationPlatforms) = postSolution
		{C342AAD5-93F6-45E0-A524-06276EFBAACB}.Debug|Any CPU.ActiveCfg = Debug|Any CPU
		{C342AAD5-93F6-45E0-A524-06276EFBAACB}.Debug|Any CPU.Build.0 = Debug|Any CPU
		{C342AAD5-93F6-45E0-A524-06276EFBAACB}.Release|Any CPU.ActiveCfg = Release|Any CPU
		{C342AAD5-93F6-45E0-A524-06276EFBAACB}.Release|Any CPU.Build.0 = Release|Any CPU
		{4A364181-A7E4-4F02-8B29-1CFC3E26FF11}.Debug|Any CPU.ActiveCfg = Debug|Any CPU
		{4A364181-A7E4-4F02-8B29-1CFC3E26FF11}.Debug|Any CPU.Build.0 = Debug|Any CPU
		{4A364181-A7E4-4F02-8B29-1CFC3E26FF11}.Release|Any CPU.ActiveCfg = Release|Any CPU
		{4A364181-A7E4-4F02-8B29-1CFC3E26FF11}.Release|Any CPU.Build.0 = Release|Any CPU
		{BAD9FFE1-9130-4FA2-9B20-7DCC3BF38C55}.Debug|Any CPU.ActiveCfg = Debug|Any CPU
		{BAD9FFE1-9130-4FA2-9B20-7DCC3BF38C55}.Debug|Any CPU.Build.0 = Debug|Any CPU
		{BAD9FFE1-9130-4FA2-9B20-7DCC3BF38C55}.Release|Any CPU.ActiveCfg = Release|Any CPU
		{BAD9FFE1-9130-4FA2-9B20-7DCC3BF38C55}.Release|Any CPU.Build.0 = Release|Any CPU
		{87376565-E7FD-4C23-AA1D-4A4C4A39CD46}.Debug|Any CPU.ActiveCfg = Debug|Any CPU
		{87376565-E7FD-4C23-AA1D-4A4C4A39CD46}.Debug|Any CPU.Build.0 = Debug|Any CPU
		{87376565-E7FD-4C23-AA1D-4A4C4A39CD46}.Release|Any CPU.ActiveCfg = Release|Any CPU
		{87376565-E7FD-4C23-AA1D-4A4C4A39CD46}.Release|Any CPU.Build.0 = Release|Any CPU
	EndGlobalSection
	GlobalSection(SolutionProperties) = preSolution
		HideSolutionNode = FALSE
	EndGlobalSection
EndGlobal
